// !$*UTF8*$!
{
	archiveVersion = 1;
	classes = {
	};
	objectVersion = 55;
	objects = {

/* Begin PBXBuildFile section */
		0B188A6D27D90ACA00DB4CCD /* EpisodesListContentView.swift in Sources */ = {isa = PBXBuildFile; fileRef = 0B188A6C27D90ACA00DB4CCD /* EpisodesListContentView.swift */; };
		0B188A6F27D9123200DB4CCD /* EpisodeDetailsContentView.swift in Sources */ = {isa = PBXBuildFile; fileRef = 0B188A6E27D9123200DB4CCD /* EpisodeDetailsContentView.swift */; };
		0B188A7127D9149F00DB4CCD /* CharactersListContentView.swift in Sources */ = {isa = PBXBuildFile; fileRef = 0B188A7027D9149F00DB4CCD /* CharactersListContentView.swift */; };
		0B188A7327D9160100DB4CCD /* CharacterDetailsContentView.swift in Sources */ = {isa = PBXBuildFile; fileRef = 0B188A7227D9160100DB4CCD /* CharacterDetailsContentView.swift */; };
		0B188A7527D91CC300DB4CCD /* CharactersCollectionContentView.swift in Sources */ = {isa = PBXBuildFile; fileRef = 0B188A7427D91CC300DB4CCD /* CharactersCollectionContentView.swift */; };
		0B8100B527D28DF900A23A37 /* ImageView.swift in Sources */ = {isa = PBXBuildFile; fileRef = 0B8100B427D28DF900A23A37 /* ImageView.swift */; };
		0B866A8A27C4FAF100EEFBEF /* LoadingView.swift in Sources */ = {isa = PBXBuildFile; fileRef = 0B866A8927C4FAF100EEFBEF /* LoadingView.swift */; };
		0B866A8C27C4FAF900EEFBEF /* EmptyView.swift in Sources */ = {isa = PBXBuildFile; fileRef = 0B866A8B27C4FAF900EEFBEF /* EmptyView.swift */; };
		0B866A8E27C4FB0300EEFBEF /* ErrorView.swift in Sources */ = {isa = PBXBuildFile; fileRef = 0B866A8D27C4FB0300EEFBEF /* ErrorView.swift */; };
		0B866A9927C5230200EEFBEF /* EpisodesListViewModel.swift in Sources */ = {isa = PBXBuildFile; fileRef = 0B866A9827C5230200EEFBEF /* EpisodesListViewModel.swift */; };
		0B866A9D27C5231E00EEFBEF /* EpisodesListContainerView.swift in Sources */ = {isa = PBXBuildFile; fileRef = 0B866A9C27C5231E00EEFBEF /* EpisodesListContainerView.swift */; };
		0B8DD4EB27C4E4EB002C6A22 /* Image.xcassets in Resources */ = {isa = PBXBuildFile; fileRef = 0B8DD4CF27C4E4EB002C6A22 /* Image.xcassets */; };
		0B8DD4ED27C4E4EB002C6A22 /* RickAndMortyApp.swift in Sources */ = {isa = PBXBuildFile; fileRef = 0B8DD4D327C4E4EB002C6A22 /* RickAndMortyApp.swift */; };
		0B8DD4EF27C4E4EB002C6A22 /* PageResponse.swift in Sources */ = {isa = PBXBuildFile; fileRef = 0B8DD4D727C4E4EB002C6A22 /* PageResponse.swift */; };
		0B8DD4F027C4E4EB002C6A22 /* EpisodeResponse.swift in Sources */ = {isa = PBXBuildFile; fileRef = 0B8DD4D827C4E4EB002C6A22 /* EpisodeResponse.swift */; };
		0B8DD4F127C4E4EB002C6A22 /* CharacterResponse.swift in Sources */ = {isa = PBXBuildFile; fileRef = 0B8DD4D927C4E4EB002C6A22 /* CharacterResponse.swift */; };
		0B8DD4F227C4E4EB002C6A22 /* NetworkService.swift in Sources */ = {isa = PBXBuildFile; fileRef = 0B8DD4DB27C4E4EB002C6A22 /* NetworkService.swift */; };
		0B8DD4F327C4E4EB002C6A22 /* NetworkRequest.swift in Sources */ = {isa = PBXBuildFile; fileRef = 0B8DD4DC27C4E4EB002C6A22 /* NetworkRequest.swift */; };
		0B8DD4F427C4E4EB002C6A22 /* NetworkError.swift in Sources */ = {isa = PBXBuildFile; fileRef = 0B8DD4DD27C4E4EB002C6A22 /* NetworkError.swift */; };
		0B8DD4F527C4E4EB002C6A22 /* CharacterAPI.swift in Sources */ = {isa = PBXBuildFile; fileRef = 0B8DD4DF27C4E4EB002C6A22 /* CharacterAPI.swift */; };
		0B8DD4F627C4E4EB002C6A22 /* EpisodeAPI.swift in Sources */ = {isa = PBXBuildFile; fileRef = 0B8DD4E027C4E4EB002C6A22 /* EpisodeAPI.swift */; };
		0B8DD4F727C4E4EB002C6A22 /* CharactersCollectionDTO.swift in Sources */ = {isa = PBXBuildFile; fileRef = 0B8DD4E327C4E4EB002C6A22 /* CharactersCollectionDTO.swift */; };
		0B8DD4F827C4E4EB002C6A22 /* EpisodeDTO.swift in Sources */ = {isa = PBXBuildFile; fileRef = 0B8DD4E427C4E4EB002C6A22 /* EpisodeDTO.swift */; };
		0B8DD4F927C4E4EB002C6A22 /* CharacterDTO.swift in Sources */ = {isa = PBXBuildFile; fileRef = 0B8DD4E527C4E4EB002C6A22 /* CharacterDTO.swift */; };
		0B8DD4FA27C4E4EB002C6A22 /* Gender.swift in Sources */ = {isa = PBXBuildFile; fileRef = 0B8DD4E627C4E4EB002C6A22 /* Gender.swift */; };
		0B8DD4FB27C4E4EB002C6A22 /* DomainError.swift in Sources */ = {isa = PBXBuildFile; fileRef = 0B8DD4E727C4E4EB002C6A22 /* DomainError.swift */; };
		0B8DD4FC27C4E4EB002C6A22 /* EpisodeService.swift in Sources */ = {isa = PBXBuildFile; fileRef = 0B8DD4E927C4E4EB002C6A22 /* EpisodeService.swift */; };
		0B8DD4FD27C4E4EB002C6A22 /* CharacterService.swift in Sources */ = {isa = PBXBuildFile; fileRef = 0B8DD4EA27C4E4EB002C6A22 /* CharacterService.swift */; };
		0BA6EC9D27D51F5B00683BAF /* CharacterDetailsHeaderView.swift in Sources */ = {isa = PBXBuildFile; fileRef = 0BA6EC9C27D51F5B00683BAF /* CharacterDetailsHeaderView.swift */; };
		0BA6EC9F27D51F6600683BAF /* CharacterDetailsItemView.swift in Sources */ = {isa = PBXBuildFile; fileRef = 0BA6EC9E27D51F6600683BAF /* CharacterDetailsItemView.swift */; };
		0BA6ECA127D615A900683BAF /* PaginationService.swift in Sources */ = {isa = PBXBuildFile; fileRef = 0BA6ECA027D615A900683BAF /* PaginationService.swift */; };
		0BA6ECA427D696DD00683BAF /* PaginationServiceState.swift in Sources */ = {isa = PBXBuildFile; fileRef = 0BA6ECA327D696DD00683BAF /* PaginationServiceState.swift */; };
		0BA6ECA627D696FE00683BAF /* PaginationServiceType.swift in Sources */ = {isa = PBXBuildFile; fileRef = 0BA6ECA527D696FE00683BAF /* PaginationServiceType.swift */; };
		0BA6ECA827D6972700683BAF /* AnyPaginationService.swift in Sources */ = {isa = PBXBuildFile; fileRef = 0BA6ECA727D6972700683BAF /* AnyPaginationService.swift */; };
		0BC5A78F27D11B4000E5C9CE /* EpisodeDetailsHeaderView.swift in Sources */ = {isa = PBXBuildFile; fileRef = 0BC5A78E27D11B4000E5C9CE /* EpisodeDetailsHeaderView.swift */; };
		0BC5A79527D11CFB00E5C9CE /* EpisodesListRowView.swift in Sources */ = {isa = PBXBuildFile; fileRef = 0BC5A79427D11CFB00E5C9CE /* EpisodesListRowView.swift */; };
		0BC5A79727D146C600E5C9CE /* Color.xcassets in Resources */ = {isa = PBXBuildFile; fileRef = 0BC5A79627D146C600E5C9CE /* Color.xcassets */; };
		0BE5055E27C56E0A0079A1F4 /* EpisodeDetailsContainerView.swift in Sources */ = {isa = PBXBuildFile; fileRef = 0BE5055D27C56E0A0079A1F4 /* EpisodeDetailsContainerView.swift */; };
		0BE5056027C56E130079A1F4 /* EpisodeDetailsViewModel.swift in Sources */ = {isa = PBXBuildFile; fileRef = 0BE5055F27C56E130079A1F4 /* EpisodeDetailsViewModel.swift */; };
		0BE5056427C56E300079A1F4 /* CharactersListContainerView.swift in Sources */ = {isa = PBXBuildFile; fileRef = 0BE5056327C56E300079A1F4 /* CharactersListContainerView.swift */; };
		0BE5056627C56E3D0079A1F4 /* CharactersListViewModel.swift in Sources */ = {isa = PBXBuildFile; fileRef = 0BE5056527C56E3D0079A1F4 /* CharactersListViewModel.swift */; };
		0BE5056A27C56E690079A1F4 /* CharacterDetailsContainerView.swift in Sources */ = {isa = PBXBuildFile; fileRef = 0BE5056927C56E690079A1F4 /* CharacterDetailsContainerView.swift */; };
		0BE5056C27C56E750079A1F4 /* CharacterDetailsViewModel.swift in Sources */ = {isa = PBXBuildFile; fileRef = 0BE5056B27C56E750079A1F4 /* CharacterDetailsViewModel.swift */; };
		0BE5057027C56E9E0079A1F4 /* CharactersCollectionContainerView.swift in Sources */ = {isa = PBXBuildFile; fileRef = 0BE5056F27C56E9E0079A1F4 /* CharactersCollectionContainerView.swift */; };
		0BE5057227C56EA90079A1F4 /* CharactersCollectionViewModel.swift in Sources */ = {isa = PBXBuildFile; fileRef = 0BE5057127C56EA90079A1F4 /* CharactersCollectionViewModel.swift */; };
		0BE5059227CE84E00079A1F4 /* ServiceFactory.swift in Sources */ = {isa = PBXBuildFile; fileRef = 0BE5059127CE84E00079A1F4 /* ServiceFactory.swift */; };
		0BE5059427CE85F10079A1F4 /* APIFactory.swift in Sources */ = {isa = PBXBuildFile; fileRef = 0BE5059327CE85F10079A1F4 /* APIFactory.swift */; };
		0BF9033C27D162CB003A5ACC /* Localizable.strings in Resources */ = {isa = PBXBuildFile; fileRef = 0BF9033E27D162CB003A5ACC /* Localizable.strings */; };
		0BF9034127D20885003A5ACC /* CharacterRowView.swift in Sources */ = {isa = PBXBuildFile; fileRef = 0BF9034027D20885003A5ACC /* CharacterRowView.swift */; };
		0BF9034727D26367003A5ACC /* CharactersCollectionRowView.swift in Sources */ = {isa = PBXBuildFile; fileRef = 0BF9034627D26367003A5ACC /* CharactersCollectionRowView.swift */; };
		0BF9034927D26372003A5ACC /* CharactersCollectionItemView.swift in Sources */ = {isa = PBXBuildFile; fileRef = 0BF9034827D26372003A5ACC /* CharactersCollectionItemView.swift */; };
		824F18FF9429D543D150115B /* Pods_RickAndMorty.framework in Frameworks */ = {isa = PBXBuildFile; fileRef = C504D94A9C3E391DABB175DC /* Pods_RickAndMorty.framework */; };
/* End PBXBuildFile section */

/* Begin PBXFileReference section */
		0B188A6C27D90ACA00DB4CCD /* EpisodesListContentView.swift */ = {isa = PBXFileReference; lastKnownFileType = sourcecode.swift; path = EpisodesListContentView.swift; sourceTree = "<group>"; };
		0B188A6E27D9123200DB4CCD /* EpisodeDetailsContentView.swift */ = {isa = PBXFileReference; lastKnownFileType = sourcecode.swift; path = EpisodeDetailsContentView.swift; sourceTree = "<group>"; };
		0B188A7027D9149F00DB4CCD /* CharactersListContentView.swift */ = {isa = PBXFileReference; lastKnownFileType = sourcecode.swift; path = CharactersListContentView.swift; sourceTree = "<group>"; };
		0B188A7227D9160100DB4CCD /* CharacterDetailsContentView.swift */ = {isa = PBXFileReference; lastKnownFileType = sourcecode.swift; path = CharacterDetailsContentView.swift; sourceTree = "<group>"; };
		0B188A7427D91CC300DB4CCD /* CharactersCollectionContentView.swift */ = {isa = PBXFileReference; lastKnownFileType = sourcecode.swift; path = CharactersCollectionContentView.swift; sourceTree = "<group>"; };
		0B8100B427D28DF900A23A37 /* ImageView.swift */ = {isa = PBXFileReference; lastKnownFileType = sourcecode.swift; path = ImageView.swift; sourceTree = "<group>"; };
		0B866A8927C4FAF100EEFBEF /* LoadingView.swift */ = {isa = PBXFileReference; lastKnownFileType = sourcecode.swift; path = LoadingView.swift; sourceTree = "<group>"; };
		0B866A8B27C4FAF900EEFBEF /* EmptyView.swift */ = {isa = PBXFileReference; lastKnownFileType = sourcecode.swift; path = EmptyView.swift; sourceTree = "<group>"; };
		0B866A8D27C4FB0300EEFBEF /* ErrorView.swift */ = {isa = PBXFileReference; lastKnownFileType = sourcecode.swift; path = ErrorView.swift; sourceTree = "<group>"; };
		0B866A9827C5230200EEFBEF /* EpisodesListViewModel.swift */ = {isa = PBXFileReference; lastKnownFileType = sourcecode.swift; path = EpisodesListViewModel.swift; sourceTree = "<group>"; };
		0B866A9C27C5231E00EEFBEF /* EpisodesListContainerView.swift */ = {isa = PBXFileReference; lastKnownFileType = sourcecode.swift; path = EpisodesListContainerView.swift; sourceTree = "<group>"; };
		0B8DD47927C2A1CB002C6A22 /* Rick And Morty.app */ = {isa = PBXFileReference; explicitFileType = wrapper.application; includeInIndex = 0; path = "Rick And Morty.app"; sourceTree = BUILT_PRODUCTS_DIR; };
		0B8DD4CF27C4E4EB002C6A22 /* Image.xcassets */ = {isa = PBXFileReference; lastKnownFileType = folder.assetcatalog; path = Image.xcassets; sourceTree = "<group>"; };
		0B8DD4D327C4E4EB002C6A22 /* RickAndMortyApp.swift */ = {isa = PBXFileReference; fileEncoding = 4; lastKnownFileType = sourcecode.swift; path = RickAndMortyApp.swift; sourceTree = "<group>"; };
		0B8DD4D727C4E4EB002C6A22 /* PageResponse.swift */ = {isa = PBXFileReference; fileEncoding = 4; lastKnownFileType = sourcecode.swift; path = PageResponse.swift; sourceTree = "<group>"; };
		0B8DD4D827C4E4EB002C6A22 /* EpisodeResponse.swift */ = {isa = PBXFileReference; fileEncoding = 4; lastKnownFileType = sourcecode.swift; path = EpisodeResponse.swift; sourceTree = "<group>"; };
		0B8DD4D927C4E4EB002C6A22 /* CharacterResponse.swift */ = {isa = PBXFileReference; fileEncoding = 4; lastKnownFileType = sourcecode.swift; path = CharacterResponse.swift; sourceTree = "<group>"; };
		0B8DD4DB27C4E4EB002C6A22 /* NetworkService.swift */ = {isa = PBXFileReference; fileEncoding = 4; lastKnownFileType = sourcecode.swift; path = NetworkService.swift; sourceTree = "<group>"; };
		0B8DD4DC27C4E4EB002C6A22 /* NetworkRequest.swift */ = {isa = PBXFileReference; fileEncoding = 4; lastKnownFileType = sourcecode.swift; path = NetworkRequest.swift; sourceTree = "<group>"; };
		0B8DD4DD27C4E4EB002C6A22 /* NetworkError.swift */ = {isa = PBXFileReference; fileEncoding = 4; lastKnownFileType = sourcecode.swift; path = NetworkError.swift; sourceTree = "<group>"; };
		0B8DD4DF27C4E4EB002C6A22 /* CharacterAPI.swift */ = {isa = PBXFileReference; fileEncoding = 4; lastKnownFileType = sourcecode.swift; path = CharacterAPI.swift; sourceTree = "<group>"; };
		0B8DD4E027C4E4EB002C6A22 /* EpisodeAPI.swift */ = {isa = PBXFileReference; fileEncoding = 4; lastKnownFileType = sourcecode.swift; path = EpisodeAPI.swift; sourceTree = "<group>"; };
		0B8DD4E327C4E4EB002C6A22 /* CharactersCollectionDTO.swift */ = {isa = PBXFileReference; fileEncoding = 4; lastKnownFileType = sourcecode.swift; path = CharactersCollectionDTO.swift; sourceTree = "<group>"; };
		0B8DD4E427C4E4EB002C6A22 /* EpisodeDTO.swift */ = {isa = PBXFileReference; fileEncoding = 4; lastKnownFileType = sourcecode.swift; path = EpisodeDTO.swift; sourceTree = "<group>"; };
		0B8DD4E527C4E4EB002C6A22 /* CharacterDTO.swift */ = {isa = PBXFileReference; fileEncoding = 4; lastKnownFileType = sourcecode.swift; path = CharacterDTO.swift; sourceTree = "<group>"; };
		0B8DD4E627C4E4EB002C6A22 /* Gender.swift */ = {isa = PBXFileReference; fileEncoding = 4; lastKnownFileType = sourcecode.swift; path = Gender.swift; sourceTree = "<group>"; };
		0B8DD4E727C4E4EB002C6A22 /* DomainError.swift */ = {isa = PBXFileReference; fileEncoding = 4; lastKnownFileType = sourcecode.swift; path = DomainError.swift; sourceTree = "<group>"; };
		0B8DD4E927C4E4EB002C6A22 /* EpisodeService.swift */ = {isa = PBXFileReference; fileEncoding = 4; lastKnownFileType = sourcecode.swift; path = EpisodeService.swift; sourceTree = "<group>"; };
		0B8DD4EA27C4E4EB002C6A22 /* CharacterService.swift */ = {isa = PBXFileReference; fileEncoding = 4; lastKnownFileType = sourcecode.swift; path = CharacterService.swift; sourceTree = "<group>"; };
		0BA6EC9C27D51F5B00683BAF /* CharacterDetailsHeaderView.swift */ = {isa = PBXFileReference; lastKnownFileType = sourcecode.swift; path = CharacterDetailsHeaderView.swift; sourceTree = "<group>"; };
		0BA6EC9E27D51F6600683BAF /* CharacterDetailsItemView.swift */ = {isa = PBXFileReference; lastKnownFileType = sourcecode.swift; path = CharacterDetailsItemView.swift; sourceTree = "<group>"; };
		0BA6ECA027D615A900683BAF /* PaginationService.swift */ = {isa = PBXFileReference; lastKnownFileType = sourcecode.swift; path = PaginationService.swift; sourceTree = "<group>"; };
		0BA6ECA327D696DD00683BAF /* PaginationServiceState.swift */ = {isa = PBXFileReference; lastKnownFileType = sourcecode.swift; path = PaginationServiceState.swift; sourceTree = "<group>"; };
		0BA6ECA527D696FE00683BAF /* PaginationServiceType.swift */ = {isa = PBXFileReference; lastKnownFileType = sourcecode.swift; path = PaginationServiceType.swift; sourceTree = "<group>"; };
		0BA6ECA727D6972700683BAF /* AnyPaginationService.swift */ = {isa = PBXFileReference; lastKnownFileType = sourcecode.swift; path = AnyPaginationService.swift; sourceTree = "<group>"; };
		0BC5A78E27D11B4000E5C9CE /* EpisodeDetailsHeaderView.swift */ = {isa = PBXFileReference; lastKnownFileType = sourcecode.swift; path = EpisodeDetailsHeaderView.swift; sourceTree = "<group>"; };
		0BC5A79427D11CFB00E5C9CE /* EpisodesListRowView.swift */ = {isa = PBXFileReference; lastKnownFileType = sourcecode.swift; path = EpisodesListRowView.swift; sourceTree = "<group>"; };
		0BC5A79627D146C600E5C9CE /* Color.xcassets */ = {isa = PBXFileReference; lastKnownFileType = folder.assetcatalog; path = Color.xcassets; sourceTree = "<group>"; };
		0BE5055D27C56E0A0079A1F4 /* EpisodeDetailsContainerView.swift */ = {isa = PBXFileReference; lastKnownFileType = sourcecode.swift; path = EpisodeDetailsContainerView.swift; sourceTree = "<group>"; };
		0BE5055F27C56E130079A1F4 /* EpisodeDetailsViewModel.swift */ = {isa = PBXFileReference; lastKnownFileType = sourcecode.swift; path = EpisodeDetailsViewModel.swift; sourceTree = "<group>"; };
		0BE5056327C56E300079A1F4 /* CharactersListContainerView.swift */ = {isa = PBXFileReference; lastKnownFileType = sourcecode.swift; path = CharactersListContainerView.swift; sourceTree = "<group>"; };
		0BE5056527C56E3D0079A1F4 /* CharactersListViewModel.swift */ = {isa = PBXFileReference; lastKnownFileType = sourcecode.swift; path = CharactersListViewModel.swift; sourceTree = "<group>"; };
		0BE5056927C56E690079A1F4 /* CharacterDetailsContainerView.swift */ = {isa = PBXFileReference; lastKnownFileType = sourcecode.swift; path = CharacterDetailsContainerView.swift; sourceTree = "<group>"; };
		0BE5056B27C56E750079A1F4 /* CharacterDetailsViewModel.swift */ = {isa = PBXFileReference; lastKnownFileType = sourcecode.swift; path = CharacterDetailsViewModel.swift; sourceTree = "<group>"; };
		0BE5056F27C56E9E0079A1F4 /* CharactersCollectionContainerView.swift */ = {isa = PBXFileReference; lastKnownFileType = sourcecode.swift; path = CharactersCollectionContainerView.swift; sourceTree = "<group>"; };
		0BE5057127C56EA90079A1F4 /* CharactersCollectionViewModel.swift */ = {isa = PBXFileReference; lastKnownFileType = sourcecode.swift; path = CharactersCollectionViewModel.swift; sourceTree = "<group>"; };
		0BE5059127CE84E00079A1F4 /* ServiceFactory.swift */ = {isa = PBXFileReference; lastKnownFileType = sourcecode.swift; path = ServiceFactory.swift; sourceTree = "<group>"; };
		0BE5059327CE85F10079A1F4 /* APIFactory.swift */ = {isa = PBXFileReference; lastKnownFileType = sourcecode.swift; path = APIFactory.swift; sourceTree = "<group>"; };
		0BF9033D27D162CB003A5ACC /* en */ = {isa = PBXFileReference; lastKnownFileType = text.plist.strings; name = en; path = en.lproj/Localizable.strings; sourceTree = "<group>"; };
		0BF9033F27D162CC003A5ACC /* uk */ = {isa = PBXFileReference; lastKnownFileType = text.plist.strings; name = uk; path = uk.lproj/Localizable.strings; sourceTree = "<group>"; };
		0BF9034027D20885003A5ACC /* CharacterRowView.swift */ = {isa = PBXFileReference; lastKnownFileType = sourcecode.swift; path = CharacterRowView.swift; sourceTree = "<group>"; };
		0BF9034627D26367003A5ACC /* CharactersCollectionRowView.swift */ = {isa = PBXFileReference; lastKnownFileType = sourcecode.swift; path = CharactersCollectionRowView.swift; sourceTree = "<group>"; };
		0BF9034827D26372003A5ACC /* CharactersCollectionItemView.swift */ = {isa = PBXFileReference; lastKnownFileType = sourcecode.swift; path = CharactersCollectionItemView.swift; sourceTree = "<group>"; };
		C504D94A9C3E391DABB175DC /* Pods_RickAndMorty.framework */ = {isa = PBXFileReference; explicitFileType = wrapper.framework; includeInIndex = 0; path = Pods_RickAndMorty.framework; sourceTree = BUILT_PRODUCTS_DIR; };
		D49251087F08758A63CF1A97 /* Pods-RickAndMorty.release.xcconfig */ = {isa = PBXFileReference; includeInIndex = 1; lastKnownFileType = text.xcconfig; name = "Pods-RickAndMorty.release.xcconfig"; path = "Target Support Files/Pods-RickAndMorty/Pods-RickAndMorty.release.xcconfig"; sourceTree = "<group>"; };
		ED42A1E9D686D56029BCEEFF /* Pods-RickAndMorty.debug.xcconfig */ = {isa = PBXFileReference; includeInIndex = 1; lastKnownFileType = text.xcconfig; name = "Pods-RickAndMorty.debug.xcconfig"; path = "Target Support Files/Pods-RickAndMorty/Pods-RickAndMorty.debug.xcconfig"; sourceTree = "<group>"; };
/* End PBXFileReference section */

/* Begin PBXFrameworksBuildPhase section */
		0B8DD47627C2A1CB002C6A22 /* Frameworks */ = {
			isa = PBXFrameworksBuildPhase;
			buildActionMask = 2147483647;
			files = (
				824F18FF9429D543D150115B /* Pods_RickAndMorty.framework in Frameworks */,
			);
			runOnlyForDeploymentPostprocessing = 0;
		};
/* End PBXFrameworksBuildPhase section */

/* Begin PBXGroup section */
		0B8100B727D3C1E000A23A37 /* View */ = {
			isa = PBXGroup;
			children = (
				0BE5056927C56E690079A1F4 /* CharacterDetailsContainerView.swift */,
				0B188A7227D9160100DB4CCD /* CharacterDetailsContentView.swift */,
				0BA6EC9C27D51F5B00683BAF /* CharacterDetailsHeaderView.swift */,
				0BA6EC9E27D51F6600683BAF /* CharacterDetailsItemView.swift */,
			);
			path = View;
			sourceTree = "<group>";
		};
		0B866A8827C4FADF00EEFBEF /* View */ = {
			isa = PBXGroup;
			children = (
				0BF9034027D20885003A5ACC /* CharacterRowView.swift */,
				0B866A8B27C4FAF900EEFBEF /* EmptyView.swift */,
				0B866A8D27C4FB0300EEFBEF /* ErrorView.swift */,
				0B8100B427D28DF900A23A37 /* ImageView.swift */,
				0B866A8927C4FAF100EEFBEF /* LoadingView.swift */,
			);
			path = View;
			sourceTree = "<group>";
		};
		0B866A8F27C5206A00EEFBEF /* Screen */ = {
			isa = PBXGroup;
			children = (
				0B866A9427C520E500EEFBEF /* CharacterDetails */,
				0B866A9727C521BB00EEFBEF /* CharactersCollection */,
				0B866A9027C5207C00EEFBEF /* CharactersList */,
				0B866A9527C520EC00EEFBEF /* EpisodeDetails */,
				0B866A9127C5208100EEFBEF /* EpisodesList */,
			);
			path = Screen;
			sourceTree = "<group>";
		};
		0B866A9027C5207C00EEFBEF /* CharactersList */ = {
			isa = PBXGroup;
			children = (
				0BF9034227D22E6B003A5ACC /* View */,
				0BE5056527C56E3D0079A1F4 /* CharactersListViewModel.swift */,
			);
			path = CharactersList;
			sourceTree = "<group>";
		};
		0B866A9127C5208100EEFBEF /* EpisodesList */ = {
			isa = PBXGroup;
			children = (
				0BC5A79227D11C5F00E5C9CE /* View */,
				0B866A9827C5230200EEFBEF /* EpisodesListViewModel.swift */,
			);
			path = EpisodesList;
			sourceTree = "<group>";
		};
		0B866A9427C520E500EEFBEF /* CharacterDetails */ = {
			isa = PBXGroup;
			children = (
				0B8100B727D3C1E000A23A37 /* View */,
				0BE5056B27C56E750079A1F4 /* CharacterDetailsViewModel.swift */,
			);
			path = CharacterDetails;
			sourceTree = "<group>";
		};
		0B866A9527C520EC00EEFBEF /* EpisodeDetails */ = {
			isa = PBXGroup;
			children = (
				0BC5A79027D11B6200E5C9CE /* View */,
				0BE5055F27C56E130079A1F4 /* EpisodeDetailsViewModel.swift */,
			);
			path = EpisodeDetails;
			sourceTree = "<group>";
		};
		0B866A9727C521BB00EEFBEF /* CharactersCollection */ = {
			isa = PBXGroup;
			children = (
				0BF9034527D23CF3003A5ACC /* View */,
				0BE5057127C56EA90079A1F4 /* CharactersCollectionViewModel.swift */,
			);
			path = CharactersCollection;
			sourceTree = "<group>";
		};
		0B8DD47027C2A1CB002C6A22 = {
			isa = PBXGroup;
			children = (
				0B8DD4CC27C4E4EB002C6A22 /* RickAndMorty */,
				0B8DD47A27C2A1CB002C6A22 /* Products */,
				129177BA2B4FAA593DA5D53E /* Pods */,
				FCA94899D9DB429E8E5FBB43 /* Frameworks */,
			);
			sourceTree = "<group>";
		};
		0B8DD47A27C2A1CB002C6A22 /* Products */ = {
			isa = PBXGroup;
			children = (
				0B8DD47927C2A1CB002C6A22 /* Rick And Morty.app */,
			);
			name = Products;
			sourceTree = "<group>";
		};
		0B8DD4CC27C4E4EB002C6A22 /* RickAndMorty */ = {
			isa = PBXGroup;
			children = (
				0B8DD4CD27C4E4EB002C6A22 /* App */,
				0B8DD4D527C4E4EB002C6A22 /* Data */,
				0B8DD4E127C4E4EB002C6A22 /* Domain */,
			);
			path = RickAndMorty;
			sourceTree = "<group>";
		};
		0B8DD4CD27C4E4EB002C6A22 /* App */ = {
			isa = PBXGroup;
			children = (
				0B8DD4CE27C4E4EB002C6A22 /* Resource */,
				0B8DD4D227C4E4EB002C6A22 /* Source */,
			);
			path = App;
			sourceTree = "<group>";
		};
		0B8DD4CE27C4E4EB002C6A22 /* Resource */ = {
			isa = PBXGroup;
			children = (
				0BC5A79627D146C600E5C9CE /* Color.xcassets */,
				0B8DD4CF27C4E4EB002C6A22 /* Image.xcassets */,
				0BF9033E27D162CB003A5ACC /* Localizable.strings */,
			);
			path = Resource;
			sourceTree = "<group>";
		};
		0B8DD4D227C4E4EB002C6A22 /* Source */ = {
			isa = PBXGroup;
			children = (
				0BE5059027CE84C50079A1F4 /* Factory */,
				0B866A8F27C5206A00EEFBEF /* Screen */,
				0B866A8827C4FADF00EEFBEF /* View */,
				0B8DD4D327C4E4EB002C6A22 /* RickAndMortyApp.swift */,
			);
			path = Source;
			sourceTree = "<group>";
		};
		0B8DD4D527C4E4EB002C6A22 /* Data */ = {
			isa = PBXGroup;
			children = (
				0B8DD4DE27C4E4EB002C6A22 /* API */,
				0B8DD4DA27C4E4EB002C6A22 /* Network */,
				0B8DD4D627C4E4EB002C6A22 /* Response */,
			);
			path = Data;
			sourceTree = "<group>";
		};
		0B8DD4D627C4E4EB002C6A22 /* Response */ = {
			isa = PBXGroup;
			children = (
				0B8DD4D927C4E4EB002C6A22 /* CharacterResponse.swift */,
				0B8DD4D827C4E4EB002C6A22 /* EpisodeResponse.swift */,
				0B8DD4D727C4E4EB002C6A22 /* PageResponse.swift */,
			);
			path = Response;
			sourceTree = "<group>";
		};
		0B8DD4DA27C4E4EB002C6A22 /* Network */ = {
			isa = PBXGroup;
			children = (
				0B8DD4DD27C4E4EB002C6A22 /* NetworkError.swift */,
				0B8DD4DC27C4E4EB002C6A22 /* NetworkRequest.swift */,
				0B8DD4DB27C4E4EB002C6A22 /* NetworkService.swift */,
			);
			path = Network;
			sourceTree = "<group>";
		};
		0B8DD4DE27C4E4EB002C6A22 /* API */ = {
			isa = PBXGroup;
			children = (
				0B8DD4DF27C4E4EB002C6A22 /* CharacterAPI.swift */,
				0B8DD4E027C4E4EB002C6A22 /* EpisodeAPI.swift */,
			);
			path = API;
			sourceTree = "<group>";
		};
		0B8DD4E127C4E4EB002C6A22 /* Domain */ = {
			isa = PBXGroup;
			children = (
				0B8DD4E227C4E4EB002C6A22 /* DTO */,
				0B8DD4E827C4E4EB002C6A22 /* Service */,
				0B8DD4E727C4E4EB002C6A22 /* DomainError.swift */,
				0B8DD4E627C4E4EB002C6A22 /* Gender.swift */,
			);
			path = Domain;
			sourceTree = "<group>";
		};
		0B8DD4E227C4E4EB002C6A22 /* DTO */ = {
			isa = PBXGroup;
			children = (
				0B8DD4E527C4E4EB002C6A22 /* CharacterDTO.swift */,
				0B8DD4E427C4E4EB002C6A22 /* EpisodeDTO.swift */,
				0B8DD4E327C4E4EB002C6A22 /* CharactersCollectionDTO.swift */,
			);
			path = DTO;
			sourceTree = "<group>";
		};
		0B8DD4E827C4E4EB002C6A22 /* Service */ = {
			isa = PBXGroup;
			children = (
				0BA6ECA227D696CD00683BAF /* Pagination */,
				0B8DD4EA27C4E4EB002C6A22 /* CharacterService.swift */,
				0B8DD4E927C4E4EB002C6A22 /* EpisodeService.swift */,
			);
			path = Service;
			sourceTree = "<group>";
		};
		0BA6ECA227D696CD00683BAF /* Pagination */ = {
			isa = PBXGroup;
			children = (
				0BA6ECA727D6972700683BAF /* AnyPaginationService.swift */,
				0BA6ECA027D615A900683BAF /* PaginationService.swift */,
				0BA6ECA327D696DD00683BAF /* PaginationServiceState.swift */,
				0BA6ECA527D696FE00683BAF /* PaginationServiceType.swift */,
			);
			path = Pagination;
			sourceTree = "<group>";
		};
		0BC5A79027D11B6200E5C9CE /* View */ = {
			isa = PBXGroup;
			children = (
				0BE5055D27C56E0A0079A1F4 /* EpisodeDetailsContainerView.swift */,
				0B188A6E27D9123200DB4CCD /* EpisodeDetailsContentView.swift */,
				0BC5A78E27D11B4000E5C9CE /* EpisodeDetailsHeaderView.swift */,
			);
			path = View;
			sourceTree = "<group>";
		};
		0BC5A79227D11C5F00E5C9CE /* View */ = {
			isa = PBXGroup;
			children = (
				0B866A9C27C5231E00EEFBEF /* EpisodesListContainerView.swift */,
				0B188A6C27D90ACA00DB4CCD /* EpisodesListContentView.swift */,
				0BC5A79427D11CFB00E5C9CE /* EpisodesListRowView.swift */,
			);
			path = View;
			sourceTree = "<group>";
		};
		0BE5059027CE84C50079A1F4 /* Factory */ = {
			isa = PBXGroup;
			children = (
				0BE5059327CE85F10079A1F4 /* APIFactory.swift */,
				0BE5059127CE84E00079A1F4 /* ServiceFactory.swift */,
			);
			path = Factory;
			sourceTree = "<group>";
		};
		0BF9034227D22E6B003A5ACC /* View */ = {
			isa = PBXGroup;
			children = (
				0BE5056327C56E300079A1F4 /* CharactersListContainerView.swift */,
				0B188A7027D9149F00DB4CCD /* CharactersListContentView.swift */,
			);
			path = View;
			sourceTree = "<group>";
		};
		0BF9034527D23CF3003A5ACC /* View */ = {
			isa = PBXGroup;
			children = (
				0BE5056F27C56E9E0079A1F4 /* CharactersCollectionContainerView.swift */,
				0B188A7427D91CC300DB4CCD /* CharactersCollectionContentView.swift */,
				0BF9034827D26372003A5ACC /* CharactersCollectionItemView.swift */,
				0BF9034627D26367003A5ACC /* CharactersCollectionRowView.swift */,
			);
			path = View;
			sourceTree = "<group>";
		};
		129177BA2B4FAA593DA5D53E /* Pods */ = {
			isa = PBXGroup;
			children = (
				ED42A1E9D686D56029BCEEFF /* Pods-RickAndMorty.debug.xcconfig */,
				D49251087F08758A63CF1A97 /* Pods-RickAndMorty.release.xcconfig */,
			);
			path = Pods;
			sourceTree = "<group>";
		};
		FCA94899D9DB429E8E5FBB43 /* Frameworks */ = {
			isa = PBXGroup;
			children = (
				C504D94A9C3E391DABB175DC /* Pods_RickAndMorty.framework */,
			);
			name = Frameworks;
			sourceTree = "<group>";
		};
/* End PBXGroup section */

/* Begin PBXNativeTarget section */
		0B8DD47827C2A1CB002C6A22 /* RickAndMorty */ = {
			isa = PBXNativeTarget;
			buildConfigurationList = 0B8DD48727C2A1CC002C6A22 /* Build configuration list for PBXNativeTarget "RickAndMorty" */;
			buildPhases = (
				A7B2C48C135F639A6133A534 /* [CP] Check Pods Manifest.lock */,
				0B8DD47527C2A1CB002C6A22 /* Sources */,
				0B8DD47627C2A1CB002C6A22 /* Frameworks */,
				0B8DD47727C2A1CB002C6A22 /* Resources */,
				0B8DD48A27C2A4B2002C6A22 /* SwiftLint */,
			);
			buildRules = (
			);
			dependencies = (
			);
			name = RickAndMorty;
			productName = RickAndMorty;
			productReference = 0B8DD47927C2A1CB002C6A22 /* Rick And Morty.app */;
			productType = "com.apple.product-type.application";
		};
/* End PBXNativeTarget section */

/* Begin PBXProject section */
		0B8DD47127C2A1CB002C6A22 /* Project object */ = {
			isa = PBXProject;
			attributes = {
				BuildIndependentTargetsInParallel = 1;
				LastSwiftUpdateCheck = 1320;
				LastUpgradeCheck = 1320;
				TargetAttributes = {
					0B8DD47827C2A1CB002C6A22 = {
						CreatedOnToolsVersion = 13.2.1;
					};
				};
			};
			buildConfigurationList = 0B8DD47427C2A1CB002C6A22 /* Build configuration list for PBXProject "RickAndMorty" */;
			compatibilityVersion = "Xcode 13.0";
			developmentRegion = en;
			hasScannedForEncodings = 0;
			knownRegions = (
				en,
				uk,
				Base,
			);
			mainGroup = 0B8DD47027C2A1CB002C6A22;
			productRefGroup = 0B8DD47A27C2A1CB002C6A22 /* Products */;
			projectDirPath = "";
			projectRoot = "";
			targets = (
				0B8DD47827C2A1CB002C6A22 /* RickAndMorty */,
			);
		};
/* End PBXProject section */

/* Begin PBXResourcesBuildPhase section */
		0B8DD47727C2A1CB002C6A22 /* Resources */ = {
			isa = PBXResourcesBuildPhase;
			buildActionMask = 2147483647;
			files = (
				0B8DD4EB27C4E4EB002C6A22 /* Image.xcassets in Resources */,
				0BF9033C27D162CB003A5ACC /* Localizable.strings in Resources */,
				0BC5A79727D146C600E5C9CE /* Color.xcassets in Resources */,
			);
			runOnlyForDeploymentPostprocessing = 0;
		};
/* End PBXResourcesBuildPhase section */

/* Begin PBXShellScriptBuildPhase section */
		0B8DD48A27C2A4B2002C6A22 /* SwiftLint */ = {
			isa = PBXShellScriptBuildPhase;
			buildActionMask = 2147483647;
			files = (
			);
			inputFileListPaths = (
			);
			inputPaths = (
			);
			name = SwiftLint;
			outputFileListPaths = (
			);
			outputPaths = (
			);
			runOnlyForDeploymentPostprocessing = 0;
			shellPath = /bin/sh;
			shellScript = "\"${PODS_ROOT}/SwiftLint/swiftlint\" lint --strict\n";
		};
		A7B2C48C135F639A6133A534 /* [CP] Check Pods Manifest.lock */ = {
			isa = PBXShellScriptBuildPhase;
			buildActionMask = 2147483647;
			files = (
			);
			inputFileListPaths = (
			);
			inputPaths = (
				"${PODS_PODFILE_DIR_PATH}/Podfile.lock",
				"${PODS_ROOT}/Manifest.lock",
			);
			name = "[CP] Check Pods Manifest.lock";
			outputFileListPaths = (
			);
			outputPaths = (
				"$(DERIVED_FILE_DIR)/Pods-RickAndMorty-checkManifestLockResult.txt",
			);
			runOnlyForDeploymentPostprocessing = 0;
			shellPath = /bin/sh;
			shellScript = "diff \"${PODS_PODFILE_DIR_PATH}/Podfile.lock\" \"${PODS_ROOT}/Manifest.lock\" > /dev/null\nif [ $? != 0 ] ; then\n    # print error to STDERR\n    echo \"error: The sandbox is not in sync with the Podfile.lock. Run 'pod install' or update your CocoaPods installation.\" >&2\n    exit 1\nfi\n# This output is used by Xcode 'outputs' to avoid re-running this script phase.\necho \"SUCCESS\" > \"${SCRIPT_OUTPUT_FILE_0}\"\n";
			showEnvVarsInLog = 0;
		};
/* End PBXShellScriptBuildPhase section */

/* Begin PBXSourcesBuildPhase section */
		0B8DD47527C2A1CB002C6A22 /* Sources */ = {
			isa = PBXSourcesBuildPhase;
			buildActionMask = 2147483647;
			files = (
				0BE5056027C56E130079A1F4 /* EpisodeDetailsViewModel.swift in Sources */,
				0B8DD4F327C4E4EB002C6A22 /* NetworkRequest.swift in Sources */,
				0B8DD4F727C4E4EB002C6A22 /* CharactersCollectionDTO.swift in Sources */,
				0B188A6F27D9123200DB4CCD /* EpisodeDetailsContentView.swift in Sources */,
				0BE5059427CE85F10079A1F4 /* APIFactory.swift in Sources */,
				0B8DD4F427C4E4EB002C6A22 /* NetworkError.swift in Sources */,
				0BE5056C27C56E750079A1F4 /* CharacterDetailsViewModel.swift in Sources */,
				0B188A7327D9160100DB4CCD /* CharacterDetailsContentView.swift in Sources */,
				0BC5A78F27D11B4000E5C9CE /* EpisodeDetailsHeaderView.swift in Sources */,
				0BF9034927D26372003A5ACC /* CharactersCollectionItemView.swift in Sources */,
				0B8DD4F627C4E4EB002C6A22 /* EpisodeAPI.swift in Sources */,
				0BF9034127D20885003A5ACC /* CharacterRowView.swift in Sources */,
				0BA6ECA127D615A900683BAF /* PaginationService.swift in Sources */,
				0B8DD4F027C4E4EB002C6A22 /* EpisodeResponse.swift in Sources */,
				0B866A8C27C4FAF900EEFBEF /* EmptyView.swift in Sources */,
				0BE5059227CE84E00079A1F4 /* ServiceFactory.swift in Sources */,
				0B188A6D27D90ACA00DB4CCD /* EpisodesListContentView.swift in Sources */,
				0B8100B527D28DF900A23A37 /* ImageView.swift in Sources */,
				0B8DD4EF27C4E4EB002C6A22 /* PageResponse.swift in Sources */,
				0BA6EC9D27D51F5B00683BAF /* CharacterDetailsHeaderView.swift in Sources */,
				0B8DD4FA27C4E4EB002C6A22 /* Gender.swift in Sources */,
				0BA6ECA627D696FE00683BAF /* PaginationServiceType.swift in Sources */,
				0B866A9D27C5231E00EEFBEF /* EpisodesListContainerView.swift in Sources */,
				0B188A7127D9149F00DB4CCD /* CharactersListContentView.swift in Sources */,
				0B8DD4F127C4E4EB002C6A22 /* CharacterResponse.swift in Sources */,
				0B8DD4F827C4E4EB002C6A22 /* EpisodeDTO.swift in Sources */,
				0B188A7527D91CC300DB4CCD /* CharactersCollectionContentView.swift in Sources */,
				0B8DD4FC27C4E4EB002C6A22 /* EpisodeService.swift in Sources */,
				0BE5055E27C56E0A0079A1F4 /* EpisodeDetailsContainerView.swift in Sources */,
				0BE5056627C56E3D0079A1F4 /* CharactersListViewModel.swift in Sources */,
				0BF9034727D26367003A5ACC /* CharactersCollectionRowView.swift in Sources */,
				0B8DD4FB27C4E4EB002C6A22 /* DomainError.swift in Sources */,
				0B8DD4F227C4E4EB002C6A22 /* NetworkService.swift in Sources */,
				0B8DD4F927C4E4EB002C6A22 /* CharacterDTO.swift in Sources */,
				0B866A8E27C4FB0300EEFBEF /* ErrorView.swift in Sources */,
				0BC5A79527D11CFB00E5C9CE /* EpisodesListRowView.swift in Sources */,
				0BA6EC9F27D51F6600683BAF /* CharacterDetailsItemView.swift in Sources */,
				0BE5057027C56E9E0079A1F4 /* CharactersCollectionContainerView.swift in Sources */,
				0BE5056A27C56E690079A1F4 /* CharacterDetailsContainerView.swift in Sources */,
				0B8DD4ED27C4E4EB002C6A22 /* RickAndMortyApp.swift in Sources */,
				0B8DD4F527C4E4EB002C6A22 /* CharacterAPI.swift in Sources */,
				0BE5056427C56E300079A1F4 /* CharactersListContainerView.swift in Sources */,
				0BA6ECA427D696DD00683BAF /* PaginationServiceState.swift in Sources */,
				0B866A9927C5230200EEFBEF /* EpisodesListViewModel.swift in Sources */,
				0B8DD4FD27C4E4EB002C6A22 /* CharacterService.swift in Sources */,
				0B866A8A27C4FAF100EEFBEF /* LoadingView.swift in Sources */,
				0BE5057227C56EA90079A1F4 /* CharactersCollectionViewModel.swift in Sources */,
				0BA6ECA827D6972700683BAF /* AnyPaginationService.swift in Sources */,
			);
			runOnlyForDeploymentPostprocessing = 0;
		};
/* End PBXSourcesBuildPhase section */

/* Begin PBXVariantGroup section */
		0BF9033E27D162CB003A5ACC /* Localizable.strings */ = {
			isa = PBXVariantGroup;
			children = (
				0BF9033D27D162CB003A5ACC /* en */,
				0BF9033F27D162CC003A5ACC /* uk */,
			);
			name = Localizable.strings;
			sourceTree = "<group>";
		};
/* End PBXVariantGroup section */

/* Begin XCBuildConfiguration section */
		0B8DD48527C2A1CC002C6A22 /* Debug */ = {
			isa = XCBuildConfiguration;
			buildSettings = {
				ALWAYS_SEARCH_USER_PATHS = NO;
				CLANG_ANALYZER_NONNULL = YES;
				CLANG_ANALYZER_NUMBER_OBJECT_CONVERSION = YES_AGGRESSIVE;
				CLANG_CXX_LANGUAGE_STANDARD = "gnu++17";
				CLANG_CXX_LIBRARY = "libc++";
				CLANG_ENABLE_MODULES = YES;
				CLANG_ENABLE_OBJC_ARC = YES;
				CLANG_ENABLE_OBJC_WEAK = YES;
				CLANG_WARN_BLOCK_CAPTURE_AUTORELEASING = YES;
				CLANG_WARN_BOOL_CONVERSION = YES;
				CLANG_WARN_COMMA = YES;
				CLANG_WARN_CONSTANT_CONVERSION = YES;
				CLANG_WARN_DEPRECATED_OBJC_IMPLEMENTATIONS = YES;
				CLANG_WARN_DIRECT_OBJC_ISA_USAGE = YES_ERROR;
				CLANG_WARN_DOCUMENTATION_COMMENTS = YES;
				CLANG_WARN_EMPTY_BODY = YES;
				CLANG_WARN_ENUM_CONVERSION = YES;
				CLANG_WARN_INFINITE_RECURSION = YES;
				CLANG_WARN_INT_CONVERSION = YES;
				CLANG_WARN_NON_LITERAL_NULL_CONVERSION = YES;
				CLANG_WARN_OBJC_IMPLICIT_RETAIN_SELF = YES;
				CLANG_WARN_OBJC_LITERAL_CONVERSION = YES;
				CLANG_WARN_OBJC_ROOT_CLASS = YES_ERROR;
				CLANG_WARN_QUOTED_INCLUDE_IN_FRAMEWORK_HEADER = YES;
				CLANG_WARN_RANGE_LOOP_ANALYSIS = YES;
				CLANG_WARN_STRICT_PROTOTYPES = YES;
				CLANG_WARN_SUSPICIOUS_MOVE = YES;
				CLANG_WARN_UNGUARDED_AVAILABILITY = YES_AGGRESSIVE;
				CLANG_WARN_UNREACHABLE_CODE = YES;
				CLANG_WARN__DUPLICATE_METHOD_MATCH = YES;
				COPY_PHASE_STRIP = NO;
				DEBUG_INFORMATION_FORMAT = dwarf;
				ENABLE_STRICT_OBJC_MSGSEND = YES;
				ENABLE_TESTABILITY = YES;
				GCC_C_LANGUAGE_STANDARD = gnu11;
				GCC_DYNAMIC_NO_PIC = NO;
				GCC_NO_COMMON_BLOCKS = YES;
				GCC_OPTIMIZATION_LEVEL = 0;
				GCC_PREPROCESSOR_DEFINITIONS = (
					"DEBUG=1",
					"$(inherited)",
				);
				GCC_WARN_64_TO_32_BIT_CONVERSION = YES;
				GCC_WARN_ABOUT_RETURN_TYPE = YES_ERROR;
				GCC_WARN_UNDECLARED_SELECTOR = YES;
				GCC_WARN_UNINITIALIZED_AUTOS = YES_AGGRESSIVE;
				GCC_WARN_UNUSED_FUNCTION = YES;
				GCC_WARN_UNUSED_VARIABLE = YES;
				IPHONEOS_DEPLOYMENT_TARGET = 15.0;
				MTL_ENABLE_DEBUG_INFO = INCLUDE_SOURCE;
				MTL_FAST_MATH = YES;
				ONLY_ACTIVE_ARCH = YES;
				SDKROOT = iphoneos;
				SWIFT_ACTIVE_COMPILATION_CONDITIONS = DEBUG;
				SWIFT_OPTIMIZATION_LEVEL = "-Onone";
			};
			name = Debug;
		};
		0B8DD48627C2A1CC002C6A22 /* Release */ = {
			isa = XCBuildConfiguration;
			buildSettings = {
				ALWAYS_SEARCH_USER_PATHS = NO;
				CLANG_ANALYZER_NONNULL = YES;
				CLANG_ANALYZER_NUMBER_OBJECT_CONVERSION = YES_AGGRESSIVE;
				CLANG_CXX_LANGUAGE_STANDARD = "gnu++17";
				CLANG_CXX_LIBRARY = "libc++";
				CLANG_ENABLE_MODULES = YES;
				CLANG_ENABLE_OBJC_ARC = YES;
				CLANG_ENABLE_OBJC_WEAK = YES;
				CLANG_WARN_BLOCK_CAPTURE_AUTORELEASING = YES;
				CLANG_WARN_BOOL_CONVERSION = YES;
				CLANG_WARN_COMMA = YES;
				CLANG_WARN_CONSTANT_CONVERSION = YES;
				CLANG_WARN_DEPRECATED_OBJC_IMPLEMENTATIONS = YES;
				CLANG_WARN_DIRECT_OBJC_ISA_USAGE = YES_ERROR;
				CLANG_WARN_DOCUMENTATION_COMMENTS = YES;
				CLANG_WARN_EMPTY_BODY = YES;
				CLANG_WARN_ENUM_CONVERSION = YES;
				CLANG_WARN_INFINITE_RECURSION = YES;
				CLANG_WARN_INT_CONVERSION = YES;
				CLANG_WARN_NON_LITERAL_NULL_CONVERSION = YES;
				CLANG_WARN_OBJC_IMPLICIT_RETAIN_SELF = YES;
				CLANG_WARN_OBJC_LITERAL_CONVERSION = YES;
				CLANG_WARN_OBJC_ROOT_CLASS = YES_ERROR;
				CLANG_WARN_QUOTED_INCLUDE_IN_FRAMEWORK_HEADER = YES;
				CLANG_WARN_RANGE_LOOP_ANALYSIS = YES;
				CLANG_WARN_STRICT_PROTOTYPES = YES;
				CLANG_WARN_SUSPICIOUS_MOVE = YES;
				CLANG_WARN_UNGUARDED_AVAILABILITY = YES_AGGRESSIVE;
				CLANG_WARN_UNREACHABLE_CODE = YES;
				CLANG_WARN__DUPLICATE_METHOD_MATCH = YES;
				COPY_PHASE_STRIP = NO;
				DEBUG_INFORMATION_FORMAT = "dwarf-with-dsym";
				ENABLE_NS_ASSERTIONS = NO;
				ENABLE_STRICT_OBJC_MSGSEND = YES;
				GCC_C_LANGUAGE_STANDARD = gnu11;
				GCC_NO_COMMON_BLOCKS = YES;
				GCC_WARN_64_TO_32_BIT_CONVERSION = YES;
				GCC_WARN_ABOUT_RETURN_TYPE = YES_ERROR;
				GCC_WARN_UNDECLARED_SELECTOR = YES;
				GCC_WARN_UNINITIALIZED_AUTOS = YES_AGGRESSIVE;
				GCC_WARN_UNUSED_FUNCTION = YES;
				GCC_WARN_UNUSED_VARIABLE = YES;
				IPHONEOS_DEPLOYMENT_TARGET = 15.0;
				MTL_ENABLE_DEBUG_INFO = NO;
				MTL_FAST_MATH = YES;
				SDKROOT = iphoneos;
				SWIFT_COMPILATION_MODE = wholemodule;
				SWIFT_OPTIMIZATION_LEVEL = "-O";
				VALIDATE_PRODUCT = YES;
			};
			name = Release;
		};
		0B8DD48827C2A1CC002C6A22 /* Debug */ = {
			isa = XCBuildConfiguration;
			baseConfigurationReference = ED42A1E9D686D56029BCEEFF /* Pods-RickAndMorty.debug.xcconfig */;
			buildSettings = {
				ASSETCATALOG_COMPILER_APPICON_NAME = "app-icon";
				ASSETCATALOG_COMPILER_GLOBAL_ACCENT_COLOR_NAME = accent;
				ASSETCATALOG_COMPILER_INCLUDE_ALL_APPICON_ASSETS = NO;
				CODE_SIGN_STYLE = Automatic;
				CURRENT_PROJECT_VERSION = 1;
				DEVELOPMENT_ASSET_PATHS = "";
				DEVELOPMENT_TEAM = U38YGPBTN4;
				ENABLE_PREVIEWS = YES;
				GENERATE_INFOPLIST_FILE = YES;
				INFOPLIST_KEY_UIApplicationSceneManifest_Generation = YES;
				INFOPLIST_KEY_UIApplicationSupportsIndirectInputEvents = YES;
				INFOPLIST_KEY_UILaunchScreen_Generation = YES;
				INFOPLIST_KEY_UISupportedInterfaceOrientations = UIInterfaceOrientationPortrait;
				INFOPLIST_KEY_UISupportedInterfaceOrientations_iPad = "UIInterfaceOrientationPortrait UIInterfaceOrientationPortraitUpsideDown UIInterfaceOrientationLandscapeLeft UIInterfaceOrientationLandscapeRight";
				INFOPLIST_KEY_UISupportedInterfaceOrientations_iPhone = "UIInterfaceOrientationPortrait UIInterfaceOrientationLandscapeLeft UIInterfaceOrientationLandscapeRight";
				IPHONEOS_DEPLOYMENT_TARGET = 15.0;
				LD_RUNPATH_SEARCH_PATHS = (
					"$(inherited)",
					"@executable_path/Frameworks",
				);
				MARKETING_VERSION = 1.0;
				PRODUCT_BUNDLE_IDENTIFIER = com.radyslavkrechet.RickAndMorty;
				PRODUCT_NAME = "Rick And Morty";
				SWIFT_EMIT_LOC_STRINGS = YES;
				SWIFT_VERSION = 5.0;
				TARGETED_DEVICE_FAMILY = 1;
			};
			name = Debug;
		};
		0B8DD48927C2A1CC002C6A22 /* Release */ = {
			isa = XCBuildConfiguration;
			baseConfigurationReference = D49251087F08758A63CF1A97 /* Pods-RickAndMorty.release.xcconfig */;
			buildSettings = {
				ASSETCATALOG_COMPILER_APPICON_NAME = "app-icon";
				ASSETCATALOG_COMPILER_GLOBAL_ACCENT_COLOR_NAME = accent;
				ASSETCATALOG_COMPILER_INCLUDE_ALL_APPICON_ASSETS = NO;
				CODE_SIGN_STYLE = Automatic;
				CURRENT_PROJECT_VERSION = 1;
				DEVELOPMENT_ASSET_PATHS = "";
				DEVELOPMENT_TEAM = U38YGPBTN4;
				ENABLE_PREVIEWS = YES;
				GENERATE_INFOPLIST_FILE = YES;
				INFOPLIST_KEY_UIApplicationSceneManifest_Generation = YES;
				INFOPLIST_KEY_UIApplicationSupportsIndirectInputEvents = YES;
				INFOPLIST_KEY_UILaunchScreen_Generation = YES;
				INFOPLIST_KEY_UISupportedInterfaceOrientations = UIInterfaceOrientationPortrait;
				INFOPLIST_KEY_UISupportedInterfaceOrientations_iPad = "UIInterfaceOrientationPortrait UIInterfaceOrientationPortraitUpsideDown UIInterfaceOrientationLandscapeLeft UIInterfaceOrientationLandscapeRight";
				INFOPLIST_KEY_UISupportedInterfaceOrientations_iPhone = "UIInterfaceOrientationPortrait UIInterfaceOrientationLandscapeLeft UIInterfaceOrientationLandscapeRight";
				IPHONEOS_DEPLOYMENT_TARGET = 15.0;
				LD_RUNPATH_SEARCH_PATHS = (
					"$(inherited)",
					"@executable_path/Frameworks",
				);
				MARKETING_VERSION = 1.0;
				PRODUCT_BUNDLE_IDENTIFIER = com.radyslavkrechet.RickAndMorty;
				PRODUCT_NAME = "Rick And Morty";
				SWIFT_EMIT_LOC_STRINGS = YES;
				SWIFT_VERSION = 5.0;
				TARGETED_DEVICE_FAMILY = 1;
			};
			name = Release;
		};
/* End XCBuildConfiguration section */

/* Begin XCConfigurationList section */
		0B8DD47427C2A1CB002C6A22 /* Build configuration list for PBXProject "RickAndMorty" */ = {
			isa = XCConfigurationList;
			buildConfigurations = (
				0B8DD48527C2A1CC002C6A22 /* Debug */,
				0B8DD48627C2A1CC002C6A22 /* Release */,
			);
			defaultConfigurationIsVisible = 0;
			defaultConfigurationName = Release;
		};
		0B8DD48727C2A1CC002C6A22 /* Build configuration list for PBXNativeTarget "RickAndMorty" */ = {
			isa = XCConfigurationList;
			buildConfigurations = (
				0B8DD48827C2A1CC002C6A22 /* Debug */,
				0B8DD48927C2A1CC002C6A22 /* Release */,
			);
			defaultConfigurationIsVisible = 0;
			defaultConfigurationName = Release;
		};
/* End XCConfigurationList section */
	};
	rootObject = 0B8DD47127C2A1CB002C6A22 /* Project object */;
}
